{
  "name": "ng-dee-icons",
  "version": "0.0.1",
  "lockfileVersion": 1,
  "requires": true,
  "dependencies": {
    "dee-icons": {
      "version": "1.0.0",
      "resolved": "https://registry.npmjs.org/dee-icons/-/dee-icons-1.0.0.tgz",
      "integrity": "sha512-ZE5cdfXMk9lVEajVtOwWhHA74ZLhY8dthRLzfPmonS6yFJtVBmb1f/s25gHeugsXvqQrEDYHvL7M9is8dc+OgA=="
    }
  }
}
